
Microsoft Visual Studio Solution File, Format Version 12.00
# Visual Studio 14
VisualStudioVersion = 14.0.25420.1
MinimumVisualStudioVersion = 10.0.40219.1
Project("{8BC9CEB8-8B4A-11D0-8D11-00A0C91BC942}") = "sdkrt", "..\sdkrt\sdkrt.vcxproj", "{FED0A828-0A3E-4809-A33D-AE37D97378F1}"
EndProject
Project("{FAE04EC0-301F-11D3-BF4B-00C04F79EFBC}") = "App1", "App1\App1.csproj", "{E031F1DA-85E8-4A74-B1EB-1DD3E5B2DC4C}"
EndProject
Global
	GlobalSection(SolutionConfigurationPlatforms) = preSolution
		Debug|ARM = Debug|ARM
		Debug|ARM64 = Debug|ARM64
		Debug|x64 = Debug|x64
		Debug|x86 = Debug|x86
		Release|ARM = Release|ARM
		Release|ARM64 = Release|ARM64
		Release|x64 = Release|x64
		Release|x86 = Release|x86
	EndGlobalSection
	GlobalSection(ProjectConfigurationPlatforms) = postSolution
		{FED0A828-0A3E-4809-A33D-AE37D97378F1}.Debug|ARM.ActiveCfg = Debug|ARM
		{FED0A828-0A3E-4809-A33D-AE37D97378F1}.Debug|ARM.Build.0 = Debug|ARM
		{FED0A828-0A3E-4809-A33D-AE37D97378F1}.Debug|ARM64.ActiveCfg = Debug|ARM64
		{FED0A828-0A3E-4809-A33D-AE37D97378F1}.Debug|ARM64.Build.0 = Debug|ARM64
		{FED0A828-0A3E-4809-A33D-AE37D97378F1}.Debug|x64.ActiveCfg = Debug|x64
		{FED0A828-0A3E-4809-A33D-AE37D97378F1}.Debug|x64.Build.0 = Debug|x64
		{FED0A828-0A3E-4809-A33D-AE37D97378F1}.Debug|x86.ActiveCfg = Debug|Win32
		{FED0A828-0A3E-4809-A33D-AE37D97378F1}.Debug|x86.Build.0 = Debug|Win32
		{FED0A828-0A3E-4809-A33D-AE37D97378F1}.Release|ARM.ActiveCfg = Release|ARM
		{FED0A828-0A3E-4809-A33D-AE37D97378F1}.Release|ARM.Build.0 = Release|ARM
		{FED0A828-0A3E-4809-A33D-AE37D97378F1}.Release|ARM64.ActiveCfg = Release|ARM64
		{FED0A828-0A3E-4809-A33D-AE37D97378F1}.Release|ARM64.Build.0 = Release|ARM64
		{FED0A828-0A3E-4809-A33D-AE37D97378F1}.Release|x64.ActiveCfg = Release|x64
		{FED0A828-0A3E-4809-A33D-AE37D97378F1}.Release|x64.Build.0 = Release|x64
		{FED0A828-0A3E-4809-A33D-AE37D97378F1}.Release|x86.ActiveCfg = Release|Win32
		{FED0A828-0A3E-4809-A33D-AE37D97378F1}.Release|x86.Build.0 = Release|Win32
		{E031F1DA-85E8-4A74-B1EB-1DD3E5B2DC4C}.Debug|ARM.ActiveCfg = Debug|ARM
		{E031F1DA-85E8-4A74-B1EB-1DD3E5B2DC4C}.Debug|ARM.Build.0 = Debug|ARM
		{E031F1DA-85E8-4A74-B1EB-1DD3E5B2DC4C}.Debug|ARM.Deploy.0 = Debug|ARM
		{E031F1DA-85E8-4A74-B1EB-1DD3E5B2DC4C}.Debug|ARM64.ActiveCfg = Debug|x86
		{E031F1DA-85E8-4A74-B1EB-1DD3E5B2DC4C}.Debug|x64.ActiveCfg = Debug|x64
		{E031F1DA-85E8-4A74-B1EB-1DD3E5B2DC4C}.Debug|x64.Build.0 = Debug|x64
		{E031F1DA-85E8-4A74-B1EB-1DD3E5B2DC4C}.Debug|x64.Deploy.0 = Debug|x64
		{E031F1DA-85E8-4A74-B1EB-1DD3E5B2DC4C}.Debug|x86.ActiveCfg = Debug|x86
		{E031F1DA-85E8-4A74-B1EB-1DD3E5B2DC4C}.Debug|x86.Build.0 = Debug|x86
		{E031F1DA-85E8-4A74-B1EB-1DD3E5B2DC4C}.Debug|x86.Deploy.0 = Debug|x86
		{E031F1DA-85E8-4A74-B1EB-1DD3E5B2DC4C}.Release|ARM.ActiveCfg = Release|ARM
		{E031F1DA-85E8-4A74-B1EB-1DD3E5B2DC4C}.Release|ARM.Build.0 = Release|ARM
		{E031F1DA-85E8-4A74-B1EB-1DD3E5B2DC4C}.Release|ARM.Deploy.0 = Release|ARM
		{E031F1DA-85E8-4A74-B1EB-1DD3E5B2DC4C}.Release|ARM64.ActiveCfg = Release|x86
		{E031F1DA-85E8-4A74-B1EB-1DD3E5B2DC4C}.Release|x64.ActiveCfg = Release|x64
		{E031F1DA-85E8-4A74-B1EB-1DD3E5B2DC4C}.Release|x64.Build.0 = Release|x64
		{E031F1DA-85E8-4A74-B1EB-1DD3E5B2DC4C}.Release|x64.Deploy.0 = Release|x64
		{E031F1DA-85E8-4A74-B1EB-1DD3E5B2DC4C}.Release|x86.ActiveCfg = Release|x86
		{E031F1DA-85E8-4A74-B1EB-1DD3E5B2DC4C}.Release|x86.Build.0 = Release|x86
		{E031F1DA-85E8-4A74-B1EB-1DD3E5B2DC4C}.Release|x86.Deploy.0 = Release|x86
	EndGlobalSection
	GlobalSection(SolutionProperties) = preSolution
		HideSolutionNode = FALSE
	EndGlobalSection
	GlobalSection(ExtensibilityGlobals) = postSolution
		SolutionGuid = {EB73FBB7-7370-43E4-B831-85594E11805E}
	EndGlobalSection
EndGlobal
